// !$*UTF8*$!
{
	archiveVersion = 1;
	classes = {
	};
	objectVersion = 77;
	objects = {

/* Begin PBXBuildFile section */
		274F7BA92F0F24F20073BF45 /* Clawline Watch Watch App.app in Embed Watch Content */ = {isa = PBXBuildFile; fileRef = 274F7BA82F0F24F20073BF45 /* Clawline Watch Watch App.app */; settings = {ATTRIBUTES = (RemoveHeadersOnCopy, ); }; };
/* End PBXBuildFile section */

/* Begin PBXContainerItemProxy section */
		274F7B792F0F22B60073BF45 /* PBXContainerItemProxy */ = {
			isa = PBXContainerItemProxy;
			containerPortal = 274F7B632F0F22B50073BF45 /* Project object */;
			proxyType = 1;
			remoteGlobalIDString = 274F7B6A2F0F22B50073BF45;
			remoteInfo = Clawline;
		};
		274F7B832F0F22B60073BF45 /* PBXContainerItemProxy */ = {
			isa = PBXContainerItemProxy;
			containerPortal = 274F7B632F0F22B50073BF45 /* Project object */;
			proxyType = 1;
			remoteGlobalIDString = 274F7B6A2F0F22B50073BF45;
			remoteInfo = Clawline;
		};
		274F7BAA2F0F24F20073BF45 /* PBXContainerItemProxy */ = {
			isa = PBXContainerItemProxy;
			containerPortal = 274F7B632F0F22B50073BF45 /* Project object */;
			proxyType = 1;
			remoteGlobalIDString = 274F7BA72F0F24F20073BF45;
			remoteInfo = "Clawline Watch Watch App";
		};
		274F7BB82F0F24F30073BF45 /* PBXContainerItemProxy */ = {
			isa = PBXContainerItemProxy;
			containerPortal = 274F7B632F0F22B50073BF45 /* Project object */;
			proxyType = 1;
			remoteGlobalIDString = 274F7BA72F0F24F20073BF45;
			remoteInfo = "Clawline Watch Watch App";
		};
		274F7BC22F0F24F30073BF45 /* PBXContainerItemProxy */ = {
			isa = PBXContainerItemProxy;
			containerPortal = 274F7B632F0F22B50073BF45 /* Project object */;
			proxyType = 1;
			remoteGlobalIDString = 274F7BA72F0F24F20073BF45;
			remoteInfo = "Clawline Watch Watch App";
		};
/* End PBXContainerItemProxy section */

/* Begin PBXCopyFilesBuildPhase section */
		274F7BCB2F0F24F30073BF45 /* Embed Watch Content */ = {
			isa = PBXCopyFilesBuildPhase;
			buildActionMask = 2147483647;
			dstPath = "$(CONTENTS_FOLDER_PATH)/Watch";
			dstSubfolderSpec = 16;
			files = (
				274F7BA92F0F24F20073BF45 /* Clawline Watch Watch App.app in Embed Watch Content */,
			);
			name = "Embed Watch Content";
			runOnlyForDeploymentPostprocessing = 0;
		};
/* End PBXCopyFilesBuildPhase section */

/* Begin PBXFileReference section */
		274F7B6B2F0F22B50073BF45 /* Clawline.app */ = {isa = PBXFileReference; explicitFileType = wrapper.application; includeInIndex = 0; path = Clawline.app; sourceTree = BUILT_PRODUCTS_DIR; };
		274F7B782F0F22B60073BF45 /* ClawlineTests.xctest */ = {isa = PBXFileReference; explicitFileType = wrapper.cfbundle; includeInIndex = 0; path = ClawlineTests.xctest; sourceTree = BUILT_PRODUCTS_DIR; };
		274F7B822F0F22B60073BF45 /* ClawlineUITests.xctest */ = {isa = PBXFileReference; explicitFileType = wrapper.cfbundle; includeInIndex = 0; path = ClawlineUITests.xctest; sourceTree = BUILT_PRODUCTS_DIR; };
		274F7BA32F0F24F20073BF45 /* Clawline Watch.app */ = {isa = PBXFileReference; explicitFileType = wrapper.application; includeInIndex = 0; path = "Clawline Watch.app"; sourceTree = BUILT_PRODUCTS_DIR; };
		274F7BA82F0F24F20073BF45 /* Clawline Watch Watch App.app */ = {isa = PBXFileReference; explicitFileType = wrapper.application; includeInIndex = 0; path = "Clawline Watch Watch App.app"; sourceTree = BUILT_PRODUCTS_DIR; };
		274F7BB72F0F24F30073BF45 /* Clawline Watch Watch AppTests.xctest */ = {isa = PBXFileReference; explicitFileType = wrapper.cfbundle; includeInIndex = 0; path = "Clawline Watch Watch AppTests.xctest"; sourceTree = BUILT_PRODUCTS_DIR; };
		274F7BC12F0F24F30073BF45 /* Clawline Watch Watch AppUITests.xctest */ = {isa = PBXFileReference; explicitFileType = wrapper.cfbundle; includeInIndex = 0; path = "Clawline Watch Watch AppUITests.xctest"; sourceTree = BUILT_PRODUCTS_DIR; };
/* End PBXFileReference section */

/* Begin PBXFileSystemSynchronizedRootGroup section */
		274F7B6D2F0F22B50073BF45 /* Clawline */ = {
			isa = PBXFileSystemSynchronizedRootGroup;
			path = Clawline;
			sourceTree = "<group>";
		};
		274F7B7B2F0F22B60073BF45 /* ClawlineTests */ = {
			isa = PBXFileSystemSynchronizedRootGroup;
			path = ClawlineTests;
			sourceTree = "<group>";
		};
		274F7B852F0F22B60073BF45 /* ClawlineUITests */ = {
			isa = PBXFileSystemSynchronizedRootGroup;
			path = ClawlineUITests;
			sourceTree = "<group>";
		};
		274F7BAC2F0F24F20073BF45 /* Clawline Watch Watch App */ = {
			isa = PBXFileSystemSynchronizedRootGroup;
			path = "Clawline Watch Watch App";
			sourceTree = "<group>";
		};
		274F7BBA2F0F24F30073BF45 /* Clawline Watch Watch AppTests */ = {
			isa = PBXFileSystemSynchronizedRootGroup;
			path = "Clawline Watch Watch AppTests";
			sourceTree = "<group>";
		};
		274F7BC42F0F24F30073BF45 /* Clawline Watch Watch AppUITests */ = {
			isa = PBXFileSystemSynchronizedRootGroup;
			path = "Clawline Watch Watch AppUITests";
			sourceTree = "<group>";
		};
/* End PBXFileSystemSynchronizedRootGroup section */

/* Begin PBXFrameworksBuildPhase section */
		274F7B682F0F22B50073BF45 /* Frameworks */ = {
			isa = PBXFrameworksBuildPhase;
			buildActionMask = 2147483647;
			files = (
			);
			runOnlyForDeploymentPostprocessing = 0;
		};
		274F7B752F0F22B60073BF45 /* Frameworks */ = {
			isa = PBXFrameworksBuildPhase;
			buildActionMask = 2147483647;
			files = (
			);
			runOnlyForDeploymentPostprocessing = 0;
		};
		274F7B7F2F0F22B60073BF45 /* Frameworks */ = {
			isa = PBXFrameworksBuildPhase;
			buildActionMask = 2147483647;
			files = (
			);
			runOnlyForDeploymentPostprocessing = 0;
		};
		274F7BA52F0F24F20073BF45 /* Frameworks */ = {
			isa = PBXFrameworksBuildPhase;
			buildActionMask = 2147483647;
			files = (
			);
			runOnlyForDeploymentPostprocessing = 0;
		};
		274F7BB42F0F24F30073BF45 /* Frameworks */ = {
			isa = PBXFrameworksBuildPhase;
			buildActionMask = 2147483647;
			files = (
			);
			runOnlyForDeploymentPostprocessing = 0;
		};
		274F7BBE2F0F24F30073BF45 /* Frameworks */ = {
			isa = PBXFrameworksBuildPhase;
			buildActionMask = 2147483647;
			files = (
			);
			runOnlyForDeploymentPostprocessing = 0;
		};
/* End PBXFrameworksBuildPhase section */

/* Begin PBXGroup section */
		274F7B622F0F22B50073BF45 = {
			isa = PBXGroup;
			children = (
				274F7B6D2F0F22B50073BF45 /* Clawline */,
				274F7B7B2F0F22B60073BF45 /* ClawlineTests */,
				274F7B852F0F22B60073BF45 /* ClawlineUITests */,
				274F7BAC2F0F24F20073BF45 /* Clawline Watch Watch App */,
				274F7BBA2F0F24F30073BF45 /* Clawline Watch Watch AppTests */,
				274F7BC42F0F24F30073BF45 /* Clawline Watch Watch AppUITests */,
				274F7B6C2F0F22B50073BF45 /* Products */,
			);
			sourceTree = "<group>";
		};
		274F7B6C2F0F22B50073BF45 /* Products */ = {
			isa = PBXGroup;
			children = (
				274F7B6B2F0F22B50073BF45 /* Clawline.app */,
				274F7B782F0F22B60073BF45 /* ClawlineTests.xctest */,
				274F7B822F0F22B60073BF45 /* ClawlineUITests.xctest */,
				274F7BA32F0F24F20073BF45 /* Clawline Watch.app */,
				274F7BA82F0F24F20073BF45 /* Clawline Watch Watch App.app */,
				274F7BB72F0F24F30073BF45 /* Clawline Watch Watch AppTests.xctest */,
				274F7BC12F0F24F30073BF45 /* Clawline Watch Watch AppUITests.xctest */,
			);
			name = Products;
			sourceTree = "<group>";
		};
/* End PBXGroup section */

/* Begin PBXNativeTarget section */
		274F7B6A2F0F22B50073BF45 /* Clawline */ = {
			isa = PBXNativeTarget;
			buildConfigurationList = 274F7B8C2F0F22B60073BF45 /* Build configuration list for PBXNativeTarget "Clawline" */;
			buildPhases = (
				274F7B672F0F22B50073BF45 /* Sources */,
				274F7B682F0F22B50073BF45 /* Frameworks */,
				274F7B692F0F22B50073BF45 /* Resources */,
			);
			buildRules = (
			);
			dependencies = (
			);
			fileSystemSynchronizedGroups = (
				274F7B6D2F0F22B50073BF45 /* Clawline */,
			);
			name = Clawline;
			packageProductDependencies = (
			);
			productName = Clawline;
			productReference = 274F7B6B2F0F22B50073BF45 /* Clawline.app */;
			productType = "com.apple.product-type.application";
		};
		274F7B772F0F22B60073BF45 /* ClawlineTests */ = {
			isa = PBXNativeTarget;
			buildConfigurationList = 274F7B8F2F0F22B60073BF45 /* Build configuration list for PBXNativeTarget "ClawlineTests" */;
			buildPhases = (
				274F7B742F0F22B60073BF45 /* Sources */,
				274F7B752F0F22B60073BF45 /* Frameworks */,
				274F7B762F0F22B60073BF45 /* Resources */,
			);
			buildRules = (
			);
			dependencies = (
				274F7B7A2F0F22B60073BF45 /* PBXTargetDependency */,
			);
			fileSystemSynchronizedGroups = (
				274F7B7B2F0F22B60073BF45 /* ClawlineTests */,
			);
			name = ClawlineTests;
			packageProductDependencies = (
			);
			productName = ClawlineTests;
			productReference = 274F7B782F0F22B60073BF45 /* ClawlineTests.xctest */;
			productType = "com.apple.product-type.bundle.unit-test";
		};
		274F7B812F0F22B60073BF45 /* ClawlineUITests */ = {
			isa = PBXNativeTarget;
			buildConfigurationList = 274F7B922F0F22B60073BF45 /* Build configuration list for PBXNativeTarget "ClawlineUITests" */;
			buildPhases = (
				274F7B7E2F0F22B60073BF45 /* Sources */,
				274F7B7F2F0F22B60073BF45 /* Frameworks */,
				274F7B802F0F22B60073BF45 /* Resources */,
			);
			buildRules = (
			);
			dependencies = (
				274F7B842F0F22B60073BF45 /* PBXTargetDependency */,
			);
			fileSystemSynchronizedGroups = (
				274F7B852F0F22B60073BF45 /* ClawlineUITests */,
			);
			name = ClawlineUITests;
			packageProductDependencies = (
			);
			productName = ClawlineUITests;
			productReference = 274F7B822F0F22B60073BF45 /* ClawlineUITests.xctest */;
			productType = "com.apple.product-type.bundle.ui-testing";
		};
		274F7BA22F0F24F20073BF45 /* Clawline Watch */ = {
			isa = PBXNativeTarget;
			buildConfigurationList = 274F7BD32F0F24F30073BF45 /* Build configuration list for PBXNativeTarget "Clawline Watch" */;
			buildPhases = (
				274F7BA12F0F24F20073BF45 /* Resources */,
				274F7BCB2F0F24F30073BF45 /* Embed Watch Content */,
			);
			buildRules = (
			);
			dependencies = (
				274F7BAB2F0F24F20073BF45 /* PBXTargetDependency */,
			);
			name = "Clawline Watch";
			packageProductDependencies = (
			);
			productName = "Clawline Watch";
			productReference = 274F7BA32F0F24F20073BF45 /* Clawline Watch.app */;
			productType = "com.apple.product-type.application.watchapp2-container";
		};
		274F7BA72F0F24F20073BF45 /* Clawline Watch Watch App */ = {
			isa = PBXNativeTarget;
			buildConfigurationList = 274F7BD22F0F24F30073BF45 /* Build configuration list for PBXNativeTarget "Clawline Watch Watch App" */;
			buildPhases = (
				274F7BA42F0F24F20073BF45 /* Sources */,
				274F7BA52F0F24F20073BF45 /* Frameworks */,
				274F7BA62F0F24F20073BF45 /* Resources */,
			);
			buildRules = (
			);
			dependencies = (
			);
			fileSystemSynchronizedGroups = (
				274F7BAC2F0F24F20073BF45 /* Clawline Watch Watch App */,
			);
			name = "Clawline Watch Watch App";
			packageProductDependencies = (
			);
			productName = "Clawline Watch Watch App";
			productReference = 274F7BA82F0F24F20073BF45 /* Clawline Watch Watch App.app */;
			productType = "com.apple.product-type.application";
		};
		274F7BB62F0F24F30073BF45 /* Clawline Watch Watch AppTests */ = {
			isa = PBXNativeTarget;
			buildConfigurationList = 274F7BD42F0F24F30073BF45 /* Build configuration list for PBXNativeTarget "Clawline Watch Watch AppTests" */;
			buildPhases = (
				274F7BB32F0F24F30073BF45 /* Sources */,
				274F7BB42F0F24F30073BF45 /* Frameworks */,
				274F7BB52F0F24F30073BF45 /* Resources */,
			);
			buildRules = (
			);
			dependencies = (
				274F7BB92F0F24F30073BF45 /* PBXTargetDependency */,
			);
			fileSystemSynchronizedGroups = (
				274F7BBA2F0F24F30073BF45 /* Clawline Watch Watch AppTests */,
			);
			name = "Clawline Watch Watch AppTests";
			packageProductDependencies = (
			);
			productName = "Clawline Watch Watch AppTests";
			productReference = 274F7BB72F0F24F30073BF45 /* Clawline Watch Watch AppTests.xctest */;
			productType = "com.apple.product-type.bundle.unit-test";
		};
		274F7BC02F0F24F30073BF45 /* Clawline Watch Watch AppUITests */ = {
			isa = PBXNativeTarget;
			buildConfigurationList = 274F7BD52F0F24F30073BF45 /* Build configuration list for PBXNativeTarget "Clawline Watch Watch AppUITests" */;
			buildPhases = (
				274F7BBD2F0F24F30073BF45 /* Sources */,
				274F7BBE2F0F24F30073BF45 /* Frameworks */,
				274F7BBF2F0F24F30073BF45 /* Resources */,
			);
			buildRules = (
			);
			dependencies = (
				274F7BC32F0F24F30073BF45 /* PBXTargetDependency */,
			);
			fileSystemSynchronizedGroups = (
				274F7BC42F0F24F30073BF45 /* Clawline Watch Watch AppUITests */,
			);
			name = "Clawline Watch Watch AppUITests";
			packageProductDependencies = (
			);
			productName = "Clawline Watch Watch AppUITests";
			productReference = 274F7BC12F0F24F30073BF45 /* Clawline Watch Watch AppUITests.xctest */;
			productType = "com.apple.product-type.bundle.ui-testing";
		};
/* End PBXNativeTarget section */

/* Begin PBXProject section */
		274F7B632F0F22B50073BF45 /* Project object */ = {
			isa = PBXProject;
			attributes = {
				BuildIndependentTargetsInParallel = 1;
				LastSwiftUpdateCheck = 2610;
				LastUpgradeCheck = 2610;
				TargetAttributes = {
					274F7B6A2F0F22B50073BF45 = {
						CreatedOnToolsVersion = 26.1.1;
					};
					274F7B772F0F22B60073BF45 = {
						CreatedOnToolsVersion = 26.1.1;
						TestTargetID = 274F7B6A2F0F22B50073BF45;
					};
					274F7B812F0F22B60073BF45 = {
						CreatedOnToolsVersion = 26.1.1;
						TestTargetID = 274F7B6A2F0F22B50073BF45;
					};
					274F7BA22F0F24F20073BF45 = {
						CreatedOnToolsVersion = 26.1.1;
					};
					274F7BA72F0F24F20073BF45 = {
						CreatedOnToolsVersion = 26.1.1;
					};
					274F7BB62F0F24F30073BF45 = {
						CreatedOnToolsVersion = 26.1.1;
						TestTargetID = 274F7BA72F0F24F20073BF45;
					};
					274F7BC02F0F24F30073BF45 = {
						CreatedOnToolsVersion = 26.1.1;
						TestTargetID = 274F7BA72F0F24F20073BF45;
					};
				};
			};
			buildConfigurationList = 274F7B662F0F22B50073BF45 /* Build configuration list for PBXProject "Clawline" */;
			developmentRegion = en;
			hasScannedForEncodings = 0;
			knownRegions = (
				en,
				Base,
			);
			mainGroup = 274F7B622F0F22B50073BF45;
			minimizedProjectReferenceProxies = 1;
			preferredProjectObjectVersion = 77;
			productRefGroup = 274F7B6C2F0F22B50073BF45 /* Products */;
			projectDirPath = "";
			projectRoot = "";
			targets = (
				274F7B6A2F0F22B50073BF45 /* Clawline */,
				274F7B772F0F22B60073BF45 /* ClawlineTests */,
				274F7B812F0F22B60073BF45 /* ClawlineUITests */,
				274F7BA22F0F24F20073BF45 /* Clawline Watch */,
				274F7BA72F0F24F20073BF45 /* Clawline Watch Watch App */,
				274F7BB62F0F24F30073BF45 /* Clawline Watch Watch AppTests */,
				274F7BC02F0F24F30073BF45 /* Clawline Watch Watch AppUITests */,
			);
		};
/* End PBXProject section */

/* Begin PBXResourcesBuildPhase section */
		274F7B692F0F22B50073BF45 /* Resources */ = {
			isa = PBXResourcesBuildPhase;
			buildActionMask = 2147483647;
			files = (
			);
			runOnlyForDeploymentPostprocessing = 0;
		};
		274F7B762F0F22B60073BF45 /* Resources */ = {
			isa = PBXResourcesBuildPhase;
			buildActionMask = 2147483647;
			files = (
			);
			runOnlyForDeploymentPostprocessing = 0;
		};
		274F7B802F0F22B60073BF45 /* Resources */ = {
			isa = PBXResourcesBuildPhase;
			buildActionMask = 2147483647;
			files = (
			);
			runOnlyForDeploymentPostprocessing = 0;
		};
		274F7BA12F0F24F20073BF45 /* Resources */ = {
			isa = PBXResourcesBuildPhase;
			buildActionMask = 2147483647;
			files = (
			);
			runOnlyForDeploymentPostprocessing = 0;
		};
		274F7BA62F0F24F20073BF45 /* Resources */ = {
			isa = PBXResourcesBuildPhase;
			buildActionMask = 2147483647;
			files = (
			);
			runOnlyForDeploymentPostprocessing = 0;
		};
		274F7BB52F0F24F30073BF45 /* Resources */ = {
			isa = PBXResourcesBuildPhase;
			buildActionMask = 2147483647;
			files = (
			);
			runOnlyForDeploymentPostprocessing = 0;
		};
		274F7BBF2F0F24F30073BF45 /* Resources */ = {
			isa = PBXResourcesBuildPhase;
			buildActionMask = 2147483647;
			files = (
			);
			runOnlyForDeploymentPostprocessing = 0;
		};
/* End PBXResourcesBuildPhase section */

/* Begin PBXSourcesBuildPhase section */
		274F7B672F0F22B50073BF45 /* Sources */ = {
			isa = PBXSourcesBuildPhase;
			buildActionMask = 2147483647;
			files = (
			);
			runOnlyForDeploymentPostprocessing = 0;
		};
		274F7B742F0F22B60073BF45 /* Sources */ = {
			isa = PBXSourcesBuildPhase;
			buildActionMask = 2147483647;
			files = (
			);
			runOnlyForDeploymentPostprocessing = 0;
		};
		274F7B7E2F0F22B60073BF45 /* Sources */ = {
			isa = PBXSourcesBuildPhase;
			buildActionMask = 2147483647;
			files = (
			);
			runOnlyForDeploymentPostprocessing = 0;
		};
		274F7BA42F0F24F20073BF45 /* Sources */ = {
			isa = PBXSourcesBuildPhase;
			buildActionMask = 2147483647;
			files = (
			);
			runOnlyForDeploymentPostprocessing = 0;
		};
		274F7BB32F0F24F30073BF45 /* Sources */ = {
			isa = PBXSourcesBuildPhase;
			buildActionMask = 2147483647;
			files = (
			);
			runOnlyForDeploymentPostprocessing = 0;
		};
		274F7BBD2F0F24F30073BF45 /* Sources */ = {
			isa = PBXSourcesBuildPhase;
			buildActionMask = 2147483647;
			files = (
			);
			runOnlyForDeploymentPostprocessing = 0;
		};
/* End PBXSourcesBuildPhase section */

/* Begin PBXTargetDependency section */
		274F7B7A2F0F22B60073BF45 /* PBXTargetDependency */ = {
			isa = PBXTargetDependency;
			target = 274F7B6A2F0F22B50073BF45 /* Clawline */;
			targetProxy = 274F7B792F0F22B60073BF45 /* PBXContainerItemProxy */;
		};
		274F7B842F0F22B60073BF45 /* PBXTargetDependency */ = {
			isa = PBXTargetDependency;
			target = 274F7B6A2F0F22B50073BF45 /* Clawline */;
			targetProxy = 274F7B832F0F22B60073BF45 /* PBXContainerItemProxy */;
		};
		274F7BAB2F0F24F20073BF45 /* PBXTargetDependency */ = {
			isa = PBXTargetDependency;
			target = 274F7BA72F0F24F20073BF45 /* Clawline Watch Watch App */;
			targetProxy = 274F7BAA2F0F24F20073BF45 /* PBXContainerItemProxy */;
		};
		274F7BB92F0F24F30073BF45 /* PBXTargetDependency */ = {
			isa = PBXTargetDependency;
			target = 274F7BA72F0F24F20073BF45 /* Clawline Watch Watch App */;
			targetProxy = 274F7BB82F0F24F30073BF45 /* PBXContainerItemProxy */;
		};
		274F7BC32F0F24F30073BF45 /* PBXTargetDependency */ = {
			isa = PBXTargetDependency;
			target = 274F7BA72F0F24F20073BF45 /* Clawline Watch Watch App */;
			targetProxy = 274F7BC22F0F24F30073BF45 /* PBXContainerItemProxy */;
		};
/* End PBXTargetDependency section */

/* Begin XCBuildConfiguration section */
		274F7B8A2F0F22B60073BF45 /* Debug */ = {
			isa = XCBuildConfiguration;
			buildSettings = {
				ALWAYS_SEARCH_USER_PATHS = NO;
				ASSETCATALOG_COMPILER_GENERATE_SWIFT_ASSET_SYMBOL_EXTENSIONS = YES;
				CLANG_ANALYZER_NONNULL = YES;
				CLANG_ANALYZER_NUMBER_OBJECT_CONVERSION = YES_AGGRESSIVE;
				CLANG_CXX_LANGUAGE_STANDARD = "gnu++20";
				CLANG_ENABLE_MODULES = YES;
				CLANG_ENABLE_OBJC_ARC = YES;
				CLANG_ENABLE_OBJC_WEAK = YES;
				CLANG_WARN_BLOCK_CAPTURE_AUTORELEASING = YES;
				CLANG_WARN_BOOL_CONVERSION = YES;
				CLANG_WARN_COMMA = YES;
				CLANG_WARN_CONSTANT_CONVERSION = YES;
				CLANG_WARN_DEPRECATED_OBJC_IMPLEMENTATIONS = YES;
				CLANG_WARN_DIRECT_OBJC_ISA_USAGE = YES_ERROR;
				CLANG_WARN_DOCUMENTATION_COMMENTS = YES;
				CLANG_WARN_EMPTY_BODY = YES;
				CLANG_WARN_ENUM_CONVERSION = YES;
				CLANG_WARN_INFINITE_RECURSION = YES;
				CLANG_WARN_INT_CONVERSION = YES;
				CLANG_WARN_NON_LITERAL_NULL_CONVERSION = YES;
				CLANG_WARN_OBJC_IMPLICIT_RETAIN_SELF = YES;
				CLANG_WARN_OBJC_LITERAL_CONVERSION = YES;
				CLANG_WARN_OBJC_ROOT_CLASS = YES_ERROR;
				CLANG_WARN_QUOTED_INCLUDE_IN_FRAMEWORK_HEADER = YES;
				CLANG_WARN_RANGE_LOOP_ANALYSIS = YES;
				CLANG_WARN_STRICT_PROTOTYPES = YES;
				CLANG_WARN_SUSPICIOUS_MOVE = YES;
				CLANG_WARN_UNGUARDED_AVAILABILITY = YES_AGGRESSIVE;
				CLANG_WARN_UNREACHABLE_CODE = YES;
				CLANG_WARN__DUPLICATE_METHOD_MATCH = YES;
				COPY_PHASE_STRIP = NO;
				DEBUG_INFORMATION_FORMAT = dwarf;
				DEVELOPMENT_TEAM = Z7R59J7QV8;
				ENABLE_STRICT_OBJC_MSGSEND = YES;
				ENABLE_TESTABILITY = YES;
				ENABLE_USER_SCRIPT_SANDBOXING = YES;
				GCC_C_LANGUAGE_STANDARD = gnu17;
				GCC_DYNAMIC_NO_PIC = NO;
				GCC_NO_COMMON_BLOCKS = YES;
				GCC_OPTIMIZATION_LEVEL = 0;
				GCC_PREPROCESSOR_DEFINITIONS = (
					"DEBUG=1",
					"$(inherited)",
				);
				GCC_WARN_64_TO_32_BIT_CONVERSION = YES;
				GCC_WARN_ABOUT_RETURN_TYPE = YES_ERROR;
				GCC_WARN_UNDECLARED_SELECTOR = YES;
				GCC_WARN_UNINITIALIZED_AUTOS = YES_AGGRESSIVE;
				GCC_WARN_UNUSED_FUNCTION = YES;
				GCC_WARN_UNUSED_VARIABLE = YES;
				IPHONEOS_DEPLOYMENT_TARGET = 26.1;
				LOCALIZATION_PREFERS_STRING_CATALOGS = YES;
				MTL_ENABLE_DEBUG_INFO = INCLUDE_SOURCE;
				MTL_FAST_MATH = YES;
				ONLY_ACTIVE_ARCH = YES;
				SDKROOT = iphoneos;
				SWIFT_ACTIVE_COMPILATION_CONDITIONS = "DEBUG $(inherited)";
				SWIFT_OPTIMIZATION_LEVEL = "-Onone";
			};
			name = Debug;
		};
		274F7B8B2F0F22B60073BF45 /* Release */ = {
			isa = XCBuildConfiguration;
			buildSettings = {
				ALWAYS_SEARCH_USER_PATHS = NO;
				ASSETCATALOG_COMPILER_GENERATE_SWIFT_ASSET_SYMBOL_EXTENSIONS = YES;
				CLANG_ANALYZER_NONNULL = YES;
				CLANG_ANALYZER_NUMBER_OBJECT_CONVERSION = YES_AGGRESSIVE;
				CLANG_CXX_LANGUAGE_STANDARD = "gnu++20";
				CLANG_ENABLE_MODULES = YES;
				CLANG_ENABLE_OBJC_ARC = YES;
				CLANG_ENABLE_OBJC_WEAK = YES;
				CLANG_WARN_BLOCK_CAPTURE_AUTORELEASING = YES;
				CLANG_WARN_BOOL_CONVERSION = YES;
				CLANG_WARN_COMMA = YES;
				CLANG_WARN_CONSTANT_CONVERSION = YES;
				CLANG_WARN_DEPRECATED_OBJC_IMPLEMENTATIONS = YES;
				CLANG_WARN_DIRECT_OBJC_ISA_USAGE = YES_ERROR;
				CLANG_WARN_DOCUMENTATION_COMMENTS = YES;
				CLANG_WARN_EMPTY_BODY = YES;
				CLANG_WARN_ENUM_CONVERSION = YES;
				CLANG_WARN_INFINITE_RECURSION = YES;
				CLANG_WARN_INT_CONVERSION = YES;
				CLANG_WARN_NON_LITERAL_NULL_CONVERSION = YES;
				CLANG_WARN_OBJC_IMPLICIT_RETAIN_SELF = YES;
				CLANG_WARN_OBJC_LITERAL_CONVERSION = YES;
				CLANG_WARN_OBJC_ROOT_CLASS = YES_ERROR;
				CLANG_WARN_QUOTED_INCLUDE_IN_FRAMEWORK_HEADER = YES;
				CLANG_WARN_RANGE_LOOP_ANALYSIS = YES;
				CLANG_WARN_STRICT_PROTOTYPES = YES;
				CLANG_WARN_SUSPICIOUS_MOVE = YES;
				CLANG_WARN_UNGUARDED_AVAILABILITY = YES_AGGRESSIVE;
				CLANG_WARN_UNREACHABLE_CODE = YES;
				CLANG_WARN__DUPLICATE_METHOD_MATCH = YES;
				COPY_PHASE_STRIP = NO;
				DEBUG_INFORMATION_FORMAT = "dwarf-with-dsym";
				DEVELOPMENT_TEAM = Z7R59J7QV8;
				ENABLE_NS_ASSERTIONS = NO;
				ENABLE_STRICT_OBJC_MSGSEND = YES;
				ENABLE_USER_SCRIPT_SANDBOXING = YES;
				GCC_C_LANGUAGE_STANDARD = gnu17;
				GCC_NO_COMMON_BLOCKS = YES;
				GCC_WARN_64_TO_32_BIT_CONVERSION = YES;
				GCC_WARN_ABOUT_RETURN_TYPE = YES_ERROR;
				GCC_WARN_UNDECLARED_SELECTOR = YES;
				GCC_WARN_UNINITIALIZED_AUTOS = YES_AGGRESSIVE;
				GCC_WARN_UNUSED_FUNCTION = YES;
				GCC_WARN_UNUSED_VARIABLE = YES;
				IPHONEOS_DEPLOYMENT_TARGET = 26.1;
				LOCALIZATION_PREFERS_STRING_CATALOGS = YES;
				MTL_ENABLE_DEBUG_INFO = NO;
				MTL_FAST_MATH = YES;
				SDKROOT = iphoneos;
				SWIFT_COMPILATION_MODE = wholemodule;
				VALIDATE_PRODUCT = YES;
			};
			name = Release;
		};
		274F7B8D2F0F22B60073BF45 /* Debug */ = {
			isa = XCBuildConfiguration;
			buildSettings = {
				ASSETCATALOG_COMPILER_APPICON_NAME = AppIcon;
				ASSETCATALOG_COMPILER_GLOBAL_ACCENT_COLOR_NAME = AccentColor;
				CODE_SIGN_STYLE = Automatic;
				CURRENT_PROJECT_VERSION = 1;
				DEVELOPMENT_TEAM = Z7R59J7QV8;
				ENABLE_PREVIEWS = YES;
				GENERATE_INFOPLIST_FILE = NO;
				INFOPLIST_FILE = Info.plist;
				INFOPLIST_KEY_UIApplicationSceneManifest_Generation = YES;
				INFOPLIST_KEY_UIApplicationSupportsIndirectInputEvents = YES;
				INFOPLIST_KEY_UILaunchScreen_Generation = YES;
				INFOPLIST_KEY_UISupportedInterfaceOrientations_iPad = "UIInterfaceOrientationPortrait UIInterfaceOrientationPortraitUpsideDown UIInterfaceOrientationLandscapeLeft UIInterfaceOrientationLandscapeRight";
				INFOPLIST_KEY_UISupportedInterfaceOrientations_iPhone = "UIInterfaceOrientationPortrait UIInterfaceOrientationLandscapeLeft UIInterfaceOrientationLandscapeRight";
				LD_RUNPATH_SEARCH_PATHS = (
					"$(inherited)",
					"@executable_path/Frameworks",
				);
				MARKETING_VERSION = 1.0;
				PRODUCT_BUNDLE_IDENTIFIER = co.clicketyclacks.Clawline;
				PRODUCT_NAME = "$(TARGET_NAME)";
				STRING_CATALOG_GENERATE_SYMBOLS = YES;
				SWIFT_APPROACHABLE_CONCURRENCY = YES;
				SWIFT_DEFAULT_ACTOR_ISOLATION = MainActor;
				SWIFT_EMIT_LOC_STRINGS = YES;
				SWIFT_UPCOMING_FEATURE_MEMBER_IMPORT_VISIBILITY = YES;
				SWIFT_VERSION = 5.0;
				TARGETED_DEVICE_FAMILY = "1,2";
			};
			name = Debug;
		};
		274F7B8E2F0F22B60073BF45 /* Release */ = {
			isa = XCBuildConfiguration;
			buildSettings = {
				ASSETCATALOG_COMPILER_APPICON_NAME = AppIcon;
				ASSETCATALOG_COMPILER_GLOBAL_ACCENT_COLOR_NAME = AccentColor;
				CODE_SIGN_STYLE = Automatic;
				CURRENT_PROJECT_VERSION = 1;
				DEVELOPMENT_TEAM = Z7R59J7QV8;
				ENABLE_PREVIEWS = YES;
				GENERATE_INFOPLIST_FILE = NO;
				INFOPLIST_FILE = Info.plist;
				INFOPLIST_KEY_UIApplicationSceneManifest_Generation = YES;
				INFOPLIST_KEY_UIApplicationSupportsIndirectInputEvents = YES;
				INFOPLIST_KEY_UILaunchScreen_Generation = YES;
				INFOPLIST_KEY_UISupportedInterfaceOrientations_iPad = "UIInterfaceOrientationPortrait UIInterfaceOrientationPortraitUpsideDown UIInterfaceOrientationLandscapeLeft UIInterfaceOrientationLandscapeRight";
				INFOPLIST_KEY_UISupportedInterfaceOrientations_iPhone = "UIInterfaceOrientationPortrait UIInterfaceOrientationLandscapeLeft UIInterfaceOrientationLandscapeRight";
				LD_RUNPATH_SEARCH_PATHS = (
					"$(inherited)",
					"@executable_path/Frameworks",
				);
				MARKETING_VERSION = 1.0;
				PRODUCT_BUNDLE_IDENTIFIER = co.clicketyclacks.Clawline;
				PRODUCT_NAME = "$(TARGET_NAME)";
				STRING_CATALOG_GENERATE_SYMBOLS = YES;
				SWIFT_APPROACHABLE_CONCURRENCY = YES;
				SWIFT_DEFAULT_ACTOR_ISOLATION = MainActor;
				SWIFT_EMIT_LOC_STRINGS = YES;
				SWIFT_UPCOMING_FEATURE_MEMBER_IMPORT_VISIBILITY = YES;
				SWIFT_VERSION = 5.0;
				TARGETED_DEVICE_FAMILY = "1,2";
			};
			name = Release;
		};
		274F7B902F0F22B60073BF45 /* Debug */ = {
			isa = XCBuildConfiguration;
			buildSettings = {
				BUNDLE_LOADER = "$(TEST_HOST)";
				CODE_SIGN_STYLE = Automatic;
				CURRENT_PROJECT_VERSION = 1;
				DEVELOPMENT_TEAM = Z7R59J7QV8;
				GENERATE_INFOPLIST_FILE = YES;
				IPHONEOS_DEPLOYMENT_TARGET = 26.1;
				MARKETING_VERSION = 1.0;
				PRODUCT_BUNDLE_IDENTIFIER = co.clicketyclacks.ClawlineTests;
				PRODUCT_NAME = "$(TARGET_NAME)";
				STRING_CATALOG_GENERATE_SYMBOLS = NO;
				SWIFT_APPROACHABLE_CONCURRENCY = YES;
				SWIFT_EMIT_LOC_STRINGS = NO;
				SWIFT_UPCOMING_FEATURE_MEMBER_IMPORT_VISIBILITY = YES;
				SWIFT_VERSION = 5.0;
				TARGETED_DEVICE_FAMILY = "1,2";
				TEST_HOST = "$(BUILT_PRODUCTS_DIR)/Clawline.app/$(BUNDLE_EXECUTABLE_FOLDER_PATH)/Clawline";
			};
			name = Debug;
		};
		274F7B912F0F22B60073BF45 /* Release */ = {
			isa = XCBuildConfiguration;
			buildSettings = {
				BUNDLE_LOADER = "$(TEST_HOST)";
				CODE_SIGN_STYLE = Automatic;
				CURRENT_PROJECT_VERSION = 1;
				DEVELOPMENT_TEAM = Z7R59J7QV8;
				GENERATE_INFOPLIST_FILE = YES;
				IPHONEOS_DEPLOYMENT_TARGET = 26.1;
				MARKETING_VERSION = 1.0;
				PRODUCT_BUNDLE_IDENTIFIER = co.clicketyclacks.ClawlineTests;
				PRODUCT_NAME = "$(TARGET_NAME)";
				STRING_CATALOG_GENERATE_SYMBOLS = NO;
				SWIFT_APPROACHABLE_CONCURRENCY = YES;
				SWIFT_EMIT_LOC_STRINGS = NO;
				SWIFT_UPCOMING_FEATURE_MEMBER_IMPORT_VISIBILITY = YES;
				SWIFT_VERSION = 5.0;
				TARGETED_DEVICE_FAMILY = "1,2";
				TEST_HOST = "$(BUILT_PRODUCTS_DIR)/Clawline.app/$(BUNDLE_EXECUTABLE_FOLDER_PATH)/Clawline";
			};
			name = Release;
		};
		274F7B932F0F22B60073BF45 /* Debug */ = {
			isa = XCBuildConfiguration;
			buildSettings = {
				CODE_SIGN_STYLE = Automatic;
				CURRENT_PROJECT_VERSION = 1;
				DEVELOPMENT_TEAM = Z7R59J7QV8;
				GENERATE_INFOPLIST_FILE = YES;
				MARKETING_VERSION = 1.0;
				PRODUCT_BUNDLE_IDENTIFIER = co.clicketyclacks.ClawlineUITests;
				PRODUCT_NAME = "$(TARGET_NAME)";
				STRING_CATALOG_GENERATE_SYMBOLS = NO;
				SWIFT_APPROACHABLE_CONCURRENCY = YES;
				SWIFT_EMIT_LOC_STRINGS = NO;
				SWIFT_UPCOMING_FEATURE_MEMBER_IMPORT_VISIBILITY = YES;
				SWIFT_VERSION = 5.0;
				TARGETED_DEVICE_FAMILY = "1,2";
				TEST_TARGET_NAME = Clawline;
			};
			name = Debug;
		};
		274F7B942F0F22B60073BF45 /* Release */ = {
			isa = XCBuildConfiguration;
			buildSettings = {
				CODE_SIGN_STYLE = Automatic;
				CURRENT_PROJECT_VERSION = 1;
				DEVELOPMENT_TEAM = Z7R59J7QV8;
				GENERATE_INFOPLIST_FILE = YES;
				MARKETING_VERSION = 1.0;
				PRODUCT_BUNDLE_IDENTIFIER = co.clicketyclacks.ClawlineUITests;
				PRODUCT_NAME = "$(TARGET_NAME)";
				STRING_CATALOG_GENERATE_SYMBOLS = NO;
				SWIFT_APPROACHABLE_CONCURRENCY = YES;
				SWIFT_EMIT_LOC_STRINGS = NO;
				SWIFT_UPCOMING_FEATURE_MEMBER_IMPORT_VISIBILITY = YES;
				SWIFT_VERSION = 5.0;
				TARGETED_DEVICE_FAMILY = "1,2";
				TEST_TARGET_NAME = Clawline;
			};
			name = Release;
		};
		274F7BC92F0F24F30073BF45 /* Debug */ = {
			isa = XCBuildConfiguration;
			buildSettings = {
				CODE_SIGN_STYLE = Automatic;
				CURRENT_PROJECT_VERSION = 1;
				DEVELOPMENT_TEAM = Z7R59J7QV8;
				INFOPLIST_KEY_CFBundleDisplayName = "Clawline Watch";
				MARKETING_VERSION = 1.0;
				PRODUCT_BUNDLE_IDENTIFIER = "co.clicketyclacks.Clawline-Watch";
				PRODUCT_NAME = "$(TARGET_NAME)";
				SWIFT_APPROACHABLE_CONCURRENCY = YES;
				SWIFT_UPCOMING_FEATURE_MEMBER_IMPORT_VISIBILITY = YES;
				SWIFT_VERSION = 5.0;
			};
			name = Debug;
		};
		274F7BCA2F0F24F30073BF45 /* Release */ = {
			isa = XCBuildConfiguration;
			buildSettings = {
				CODE_SIGN_STYLE = Automatic;
				CURRENT_PROJECT_VERSION = 1;
				DEVELOPMENT_TEAM = Z7R59J7QV8;
				INFOPLIST_KEY_CFBundleDisplayName = "Clawline Watch";
				MARKETING_VERSION = 1.0;
				PRODUCT_BUNDLE_IDENTIFIER = "co.clicketyclacks.Clawline-Watch";
				PRODUCT_NAME = "$(TARGET_NAME)";
				SWIFT_APPROACHABLE_CONCURRENCY = YES;
				SWIFT_UPCOMING_FEATURE_MEMBER_IMPORT_VISIBILITY = YES;
				SWIFT_VERSION = 5.0;
			};
			name = Release;
		};
		274F7BCC2F0F24F30073BF45 /* Debug */ = {
			isa = XCBuildConfiguration;
			buildSettings = {
				ASSETCATALOG_COMPILER_APPICON_NAME = AppIcon;
				ASSETCATALOG_COMPILER_GLOBAL_ACCENT_COLOR_NAME = AccentColor;
				CODE_SIGN_STYLE = Automatic;
				CURRENT_PROJECT_VERSION = 1;
				DEVELOPMENT_TEAM = Z7R59J7QV8;
				ENABLE_PREVIEWS = YES;
				GENERATE_INFOPLIST_FILE = YES;
				INFOPLIST_KEY_CFBundleDisplayName = "Clawline Watch";
				INFOPLIST_KEY_UISupportedInterfaceOrientations = "UIInterfaceOrientationPortrait UIInterfaceOrientationPortraitUpsideDown";
				INFOPLIST_KEY_WKWatchOnly = YES;
				LD_RUNPATH_SEARCH_PATHS = (
					"$(inherited)",
					"@executable_path/Frameworks",
				);
				MARKETING_VERSION = 1.0;
				PRODUCT_BUNDLE_IDENTIFIER = "co.clicketyclacks.Clawline-Watch.watchkitapp";
				PRODUCT_NAME = "$(TARGET_NAME)";
				SDKROOT = watchos;
				SKIP_INSTALL = YES;
				STRING_CATALOG_GENERATE_SYMBOLS = YES;
				SWIFT_APPROACHABLE_CONCURRENCY = YES;
				SWIFT_DEFAULT_ACTOR_ISOLATION = MainActor;
				SWIFT_EMIT_LOC_STRINGS = YES;
				SWIFT_UPCOMING_FEATURE_MEMBER_IMPORT_VISIBILITY = YES;
				SWIFT_VERSION = 5.0;
				TARGETED_DEVICE_FAMILY = 4;
				WATCHOS_DEPLOYMENT_TARGET = 26.1;
			};
			name = Debug;
		};
		274F7BCD2F0F24F30073BF45 /* Release */ = {
			isa = XCBuildConfiguration;
			buildSettings = {
				ASSETCATALOG_COMPILER_APPICON_NAME = AppIcon;
				ASSETCATALOG_COMPILER_GLOBAL_ACCENT_COLOR_NAME = AccentColor;
				CODE_SIGN_STYLE = Automatic;
				CURRENT_PROJECT_VERSION = 1;
				DEVELOPMENT_TEAM = Z7R59J7QV8;
				ENABLE_PREVIEWS = YES;
				GENERATE_INFOPLIST_FILE = YES;
				INFOPLIST_KEY_CFBundleDisplayName = "Clawline Watch";
				INFOPLIST_KEY_UISupportedInterfaceOrientations = "UIInterfaceOrientationPortrait UIInterfaceOrientationPortraitUpsideDown";
				INFOPLIST_KEY_WKWatchOnly = YES;
				LD_RUNPATH_SEARCH_PATHS = (
					"$(inherited)",
					"@executable_path/Frameworks",
				);
				MARKETING_VERSION = 1.0;
				PRODUCT_BUNDLE_IDENTIFIER = "co.clicketyclacks.Clawline-Watch.watchkitapp";
				PRODUCT_NAME = "$(TARGET_NAME)";
				SDKROOT = watchos;
				SKIP_INSTALL = YES;
				STRING_CATALOG_GENERATE_SYMBOLS = YES;
				SWIFT_APPROACHABLE_CONCURRENCY = YES;
				SWIFT_DEFAULT_ACTOR_ISOLATION = MainActor;
				SWIFT_EMIT_LOC_STRINGS = YES;
				SWIFT_UPCOMING_FEATURE_MEMBER_IMPORT_VISIBILITY = YES;
				SWIFT_VERSION = 5.0;
				TARGETED_DEVICE_FAMILY = 4;
				WATCHOS_DEPLOYMENT_TARGET = 26.1;
			};
			name = Release;
		};
		274F7BCE2F0F24F30073BF45 /* Debug */ = {
			isa = XCBuildConfiguration;
			buildSettings = {
				BUNDLE_LOADER = "$(TEST_HOST)";
				CODE_SIGN_STYLE = Automatic;
				CURRENT_PROJECT_VERSION = 1;
				DEVELOPMENT_TEAM = Z7R59J7QV8;
				GENERATE_INFOPLIST_FILE = YES;
				MARKETING_VERSION = 1.0;
				PRODUCT_BUNDLE_IDENTIFIER = "co.clicketyclacks.Clawline-Watch-Watch-AppTests";
				PRODUCT_NAME = "$(TARGET_NAME)";
				SDKROOT = watchos;
				STRING_CATALOG_GENERATE_SYMBOLS = NO;
				SWIFT_APPROACHABLE_CONCURRENCY = YES;
				SWIFT_EMIT_LOC_STRINGS = NO;
				SWIFT_UPCOMING_FEATURE_MEMBER_IMPORT_VISIBILITY = YES;
				SWIFT_VERSION = 5.0;
				TARGETED_DEVICE_FAMILY = 4;
				TEST_HOST = "$(BUILT_PRODUCTS_DIR)/Clawline Watch Watch App.app/$(BUNDLE_EXECUTABLE_FOLDER_PATH)/Clawline Watch Watch App";
				WATCHOS_DEPLOYMENT_TARGET = 26.1;
			};
			name = Debug;
		};
		274F7BCF2F0F24F30073BF45 /* Release */ = {
			isa = XCBuildConfiguration;
			buildSettings = {
				BUNDLE_LOADER = "$(TEST_HOST)";
				CODE_SIGN_STYLE = Automatic;
				CURRENT_PROJECT_VERSION = 1;
				DEVELOPMENT_TEAM = Z7R59J7QV8;
				GENERATE_INFOPLIST_FILE = YES;
				MARKETING_VERSION = 1.0;
				PRODUCT_BUNDLE_IDENTIFIER = "co.clicketyclacks.Clawline-Watch-Watch-AppTests";
				PRODUCT_NAME = "$(TARGET_NAME)";
				SDKROOT = watchos;
				STRING_CATALOG_GENERATE_SYMBOLS = NO;
				SWIFT_APPROACHABLE_CONCURRENCY = YES;
				SWIFT_EMIT_LOC_STRINGS = NO;
				SWIFT_UPCOMING_FEATURE_MEMBER_IMPORT_VISIBILITY = YES;
				SWIFT_VERSION = 5.0;
				TARGETED_DEVICE_FAMILY = 4;
				TEST_HOST = "$(BUILT_PRODUCTS_DIR)/Clawline Watch Watch App.app/$(BUNDLE_EXECUTABLE_FOLDER_PATH)/Clawline Watch Watch App";
				WATCHOS_DEPLOYMENT_TARGET = 26.1;
			};
			name = Release;
		};
		274F7BD02F0F24F30073BF45 /* Debug */ = {
			isa = XCBuildConfiguration;
			buildSettings = {
				CODE_SIGN_STYLE = Automatic;
				CURRENT_PROJECT_VERSION = 1;
				DEVELOPMENT_TEAM = Z7R59J7QV8;
				GENERATE_INFOPLIST_FILE = YES;
				MARKETING_VERSION = 1.0;
				PRODUCT_BUNDLE_IDENTIFIER = "co.clicketyclacks.Clawline-Watch-Watch-AppUITests";
				PRODUCT_NAME = "$(TARGET_NAME)";
				SDKROOT = watchos;
				STRING_CATALOG_GENERATE_SYMBOLS = NO;
				SWIFT_APPROACHABLE_CONCURRENCY = YES;
				SWIFT_EMIT_LOC_STRINGS = NO;
				SWIFT_UPCOMING_FEATURE_MEMBER_IMPORT_VISIBILITY = YES;
				SWIFT_VERSION = 5.0;
				TARGETED_DEVICE_FAMILY = 4;
				TEST_TARGET_NAME = "Clawline Watch Watch App";
				WATCHOS_DEPLOYMENT_TARGET = 26.1;
			};
			name = Debug;
		};
		274F7BD12F0F24F30073BF45 /* Release */ = {
			isa = XCBuildConfiguration;
			buildSettings = {
				CODE_SIGN_STYLE = Automatic;
				CURRENT_PROJECT_VERSION = 1;
				DEVELOPMENT_TEAM = Z7R59J7QV8;
				GENERATE_INFOPLIST_FILE = YES;
				MARKETING_VERSION = 1.0;
				PRODUCT_BUNDLE_IDENTIFIER = "co.clicketyclacks.Clawline-Watch-Watch-AppUITests";
				PRODUCT_NAME = "$(TARGET_NAME)";
				SDKROOT = watchos;
				STRING_CATALOG_GENERATE_SYMBOLS = NO;
				SWIFT_APPROACHABLE_CONCURRENCY = YES;
				SWIFT_EMIT_LOC_STRINGS = NO;
				SWIFT_UPCOMING_FEATURE_MEMBER_IMPORT_VISIBILITY = YES;
				SWIFT_VERSION = 5.0;
				TARGETED_DEVICE_FAMILY = 4;
				TEST_TARGET_NAME = "Clawline Watch Watch App";
				WATCHOS_DEPLOYMENT_TARGET = 26.1;
			};
			name = Release;
		};
/* End XCBuildConfiguration section */

/* Begin XCConfigurationList section */
		274F7B662F0F22B50073BF45 /* Build configuration list for PBXProject "Clawline" */ = {
			isa = XCConfigurationList;
			buildConfigurations = (
				274F7B8A2F0F22B60073BF45 /* Debug */,
				274F7B8B2F0F22B60073BF45 /* Release */,
			);
			defaultConfigurationIsVisible = 0;
			defaultConfigurationName = Release;
		};
		274F7B8C2F0F22B60073BF45 /* Build configuration list for PBXNativeTarget "Clawline" */ = {
			isa = XCConfigurationList;
			buildConfigurations = (
				274F7B8D2F0F22B60073BF45 /* Debug */,
				274F7B8E2F0F22B60073BF45 /* Release */,
			);
			defaultConfigurationIsVisible = 0;
			defaultConfigurationName = Release;
		};
		274F7B8F2F0F22B60073BF45 /* Build configuration list for PBXNativeTarget "ClawlineTests" */ = {
			isa = XCConfigurationList;
			buildConfigurations = (
				274F7B902F0F22B60073BF45 /* Debug */,
				274F7B912F0F22B60073BF45 /* Release */,
			);
			defaultConfigurationIsVisible = 0;
			defaultConfigurationName = Release;
		};
		274F7B922F0F22B60073BF45 /* Build configuration list for PBXNativeTarget "ClawlineUITests" */ = {
			isa = XCConfigurationList;
			buildConfigurations = (
				274F7B932F0F22B60073BF45 /* Debug */,
				274F7B942F0F22B60073BF45 /* Release */,
			);
			defaultConfigurationIsVisible = 0;
			defaultConfigurationName = Release;
		};
		274F7BD22F0F24F30073BF45 /* Build configuration list for PBXNativeTarget "Clawline Watch Watch App" */ = {
			isa = XCConfigurationList;
			buildConfigurations = (
				274F7BCC2F0F24F30073BF45 /* Debug */,
				274F7BCD2F0F24F30073BF45 /* Release */,
			);
			defaultConfigurationIsVisible = 0;
			defaultConfigurationName = Release;
		};
		274F7BD32F0F24F30073BF45 /* Build configuration list for PBXNativeTarget "Clawline Watch" */ = {
			isa = XCConfigurationList;
			buildConfigurations = (
				274F7BC92F0F24F30073BF45 /* Debug */,
				274F7BCA2F0F24F30073BF45 /* Release */,
			);
			defaultConfigurationIsVisible = 0;
			defaultConfigurationName = Release;
		};
		274F7BD42F0F24F30073BF45 /* Build configuration list for PBXNativeTarget "Clawline Watch Watch AppTests" */ = {
			isa = XCConfigurationList;
			buildConfigurations = (
				274F7BCE2F0F24F30073BF45 /* Debug */,
				274F7BCF2F0F24F30073BF45 /* Release */,
			);
			defaultConfigurationIsVisible = 0;
			defaultConfigurationName = Release;
		};
		274F7BD52F0F24F30073BF45 /* Build configuration list for PBXNativeTarget "Clawline Watch Watch AppUITests" */ = {
			isa = XCConfigurationList;
			buildConfigurations = (
				274F7BD02F0F24F30073BF45 /* Debug */,
				274F7BD12F0F24F30073BF45 /* Release */,
			);
			defaultConfigurationIsVisible = 0;
			defaultConfigurationName = Release;
		};
/* End XCConfigurationList section */
	};
	rootObject = 274F7B632F0F22B50073BF45 /* Project object */;
}
